
Microsoft Visual Studio Solution File, Format Version 12.00
# Visual Studio 15
VisualStudioVersion = 15.0.26124.0
MinimumVisualStudioVersion = 15.0.26124.0
Project("{9A19103F-16F7-4668-BE54-9A1E7A4F7556}") = "NF.Results", "NF.Results\NF.Results.csproj", "{62270874-B017-40FA-AC91-6F51C8784F99}"
EndProject
Project("{9A19103F-16F7-4668-BE54-9A1E7A4F7556}") = "NF.Results.Tests", "NF.Results.Tests\NF.Results.Tests.csproj", "{C020A91C-0C83-4716-AEF4-03002B29FCF2}"
EndProject
Global
	GlobalSection(SolutionConfigurationPlatforms) = preSolution
		Debug|Any CPU = Debug|Any CPU
		Debug|x64 = Debug|x64
		Debug|x86 = Debug|x86
		Release|Any CPU = Release|Any CPU
		Release|x64 = Release|x64
		Release|x86 = Release|x86
	EndGlobalSection
	GlobalSection(ProjectConfigurationPlatforms) = postSolution
		{62270874-B017-40FA-AC91-6F51C8784F99}.Debug|Any CPU.ActiveCfg = Debug|Any CPU
		{62270874-B017-40FA-AC91-6F51C8784F99}.Debug|Any CPU.Build.0 = Debug|Any CPU
		{62270874-B017-40FA-AC91-6F51C8784F99}.Debug|x64.ActiveCfg = Debug|Any CPU
		{62270874-B017-40FA-AC91-6F51C8784F99}.Debug|x64.Build.0 = Debug|Any CPU
		{62270874-B017-40FA-AC91-6F51C8784F99}.Debug|x86.ActiveCfg = Debug|Any CPU
		{62270874-B017-40FA-AC91-6F51C8784F99}.Debug|x86.Build.0 = Debug|Any CPU
		{62270874-B017-40FA-AC91-6F51C8784F99}.Release|Any CPU.ActiveCfg = Release|Any CPU
		{62270874-B017-40FA-AC91-6F51C8784F99}.Release|Any CPU.Build.0 = Release|Any CPU
		{62270874-B017-40FA-AC91-6F51C8784F99}.Release|x64.ActiveCfg = Release|Any CPU
		{62270874-B017-40FA-AC91-6F51C8784F99}.Release|x64.Build.0 = Release|Any CPU
		{62270874-B017-40FA-AC91-6F51C8784F99}.Release|x86.ActiveCfg = Release|Any CPU
		{62270874-B017-40FA-AC91-6F51C8784F99}.Release|x86.Build.0 = Release|Any CPU
		{C020A91C-0C83-4716-AEF4-03002B29FCF2}.Debug|Any CPU.ActiveCfg = Debug|Any CPU
		{C020A91C-0C83-4716-AEF4-03002B29FCF2}.Debug|Any CPU.Build.0 = Debug|Any CPU
		{C020A91C-0C83-4716-AEF4-03002B29FCF2}.Debug|x64.ActiveCfg = Debug|Any CPU
		{C020A91C-0C83-4716-AEF4-03002B29FCF2}.Debug|x64.Build.0 = Debug|Any CPU
		{C020A91C-0C83-4716-AEF4-03002B29FCF2}.Debug|x86.ActiveCfg = Debug|Any CPU
		{C020A91C-0C83-4716-AEF4-03002B29FCF2}.Debug|x86.Build.0 = Debug|Any CPU
		{C020A91C-0C83-4716-AEF4-03002B29FCF2}.Release|Any CPU.ActiveCfg = Release|Any CPU
		{C020A91C-0C83-4716-AEF4-03002B29FCF2}.Release|Any CPU.Build.0 = Release|Any CPU
		{C020A91C-0C83-4716-AEF4-03002B29FCF2}.Release|x64.ActiveCfg = Release|Any CPU
		{C020A91C-0C83-4716-AEF4-03002B29FCF2}.Release|x64.Build.0 = Release|Any CPU
		{C020A91C-0C83-4716-AEF4-03002B29FCF2}.Release|x86.ActiveCfg = Release|Any CPU
		{C020A91C-0C83-4716-AEF4-03002B29FCF2}.Release|x86.Build.0 = Release|Any CPU
	EndGlobalSection
	GlobalSection(SolutionProperties) = preSolution
		HideSolutionNode = FALSE
	EndGlobalSection
	GlobalSection(ExtensibilityGlobals) = postSolution
		SolutionGuid = {4F3C5EDA-74A9-4235-95C8-179C0C674C26}
	EndGlobalSection
EndGlobal
